// !$*UTF8*$!
{
	archiveVersion = 1;
	classes = {
	};
	objectVersion = 56;
	objects = {

/* Begin PBXBuildFile section */
		7C2BC9F328E0013E00000211 /* MyAppApp.swift in Sources */ = {isa = PBXBuildFile; fileRef = 7C2BC9F228E0013E00000211 /* MyAppApp.swift */; };
		7C2BC9F528E0013E00000211 /* ContentView.swift in Sources */ = {isa = PBXBuildFile; fileRef = 7C2BC9F428E0013E00000211 /* ContentView.swift */; };
		7C2BC9F728E0014000000211 /* Assets.xcassets in Resources */ = {isa = PBXBuildFile; fileRef = 7C2BC9F628E0014000000211 /* Assets.xcassets */; };
		7C2BC9FA28E0014000000211 /* Preview Assets.xcassets in Resources */ = {isa = PBXBuildFile; fileRef = 7C2BC9F928E0014000000211 /* Preview Assets.xcassets */; };
		7C2BCA1C28E0D6AC00000211 /* AppShortcuts.swift in Sources */ = {isa = PBXBuildFile; fileRef = 7C2BCA0E28E0D6AC00000211 /* AppShortcuts.swift */; };
		7C2BCA1D28E0D6AC00000211 /* GreetingIntent.swift in Sources */ = {isa = PBXBuildFile; fileRef = 7C2BCA1028E0D6AC00000211 /* GreetingIntent.swift */; };
		7C2BCA1E28E0D6AC00000211 /* ColoredHeartIntent.swift in Sources */ = {isa = PBXBuildFile; fileRef = 7C2BCA1228E0D6AC00000211 /* ColoredHeartIntent.swift */; };
		7C2BCA1F28E0D6AC00000211 /* HeartColor.swift in Sources */ = {isa = PBXBuildFile; fileRef = 7C2BCA1328E0D6AC00000211 /* HeartColor.swift */; };
		7C2BCA2028E0D6AC00000211 /* MyFirstAppIntent.swift in Sources */ = {isa = PBXBuildFile; fileRef = 7C2BCA1528E0D6AC00000211 /* MyFirstAppIntent.swift */; };
		7C2BCA2128E0D6AC00000211 /* StockAssetQuery.swift in Sources */ = {isa = PBXBuildFile; fileRef = 7C2BCA1728E0D6AC00000211 /* StockAssetQuery.swift */; };
		7C2BCA2228E0D6AC00000211 /* StockAsset.swift in Sources */ = {isa = PBXBuildFile; fileRef = 7C2BCA1828E0D6AC00000211 /* StockAsset.swift */; };
		7C2BCA2328E0D6AC00000211 /* WalletPositionIntent.swift in Sources */ = {isa = PBXBuildFile; fileRef = 7C2BCA1928E0D6AC00000211 /* WalletPositionIntent.swift */; };
		7C2BCA2428E0D6AC00000211 /* Wallet.swift in Sources */ = {isa = PBXBuildFile; fileRef = 7C2BCA1A28E0D6AC00000211 /* Wallet.swift */; };
		7C2BCA2528E0D6AC00000211 /* StockAssetEntity.swift in Sources */ = {isa = PBXBuildFile; fileRef = 7C2BCA1B28E0D6AC00000211 /* StockAssetEntity.swift */; };
		7C2BCA2D28E0F66E00000211 /* OpenMessageIntent.swift in Sources */ = {isa = PBXBuildFile; fileRef = 7C2BCA2C28E0F66D00000211 /* OpenMessageIntent.swift */; };
		7C2BCA2F28E0F69B00000211 /* Navigator.swift in Sources */ = {isa = PBXBuildFile; fileRef = 7C2BCA2E28E0F69B00000211 /* Navigator.swift */; };
/* End PBXBuildFile section */

/* Begin PBXFileReference section */
		7C2BC9EF28E0013E00000211 /* MyApp.app */ = {isa = PBXFileReference; explicitFileType = wrapper.application; includeInIndex = 0; path = MyApp.app; sourceTree = BUILT_PRODUCTS_DIR; };
		7C2BC9F228E0013E00000211 /* MyAppApp.swift */ = {isa = PBXFileReference; lastKnownFileType = sourcecode.swift; path = MyAppApp.swift; sourceTree = "<group>"; };
		7C2BC9F428E0013E00000211 /* ContentView.swift */ = {isa = PBXFileReference; lastKnownFileType = sourcecode.swift; path = ContentView.swift; sourceTree = "<group>"; };
		7C2BC9F628E0014000000211 /* Assets.xcassets */ = {isa = PBXFileReference; lastKnownFileType = folder.assetcatalog; path = Assets.xcassets; sourceTree = "<group>"; };
		7C2BC9F928E0014000000211 /* Preview Assets.xcassets */ = {isa = PBXFileReference; lastKnownFileType = folder.assetcatalog; path = "Preview Assets.xcassets"; sourceTree = "<group>"; };
		7C2BCA0E28E0D6AC00000211 /* AppShortcuts.swift */ = {isa = PBXFileReference; fileEncoding = 4; lastKnownFileType = sourcecode.swift; path = AppShortcuts.swift; sourceTree = "<group>"; };
		7C2BCA1028E0D6AC00000211 /* GreetingIntent.swift */ = {isa = PBXFileReference; fileEncoding = 4; lastKnownFileType = sourcecode.swift; path = GreetingIntent.swift; sourceTree = "<group>"; };
		7C2BCA1228E0D6AC00000211 /* ColoredHeartIntent.swift */ = {isa = PBXFileReference; fileEncoding = 4; lastKnownFileType = sourcecode.swift; path = ColoredHeartIntent.swift; sourceTree = "<group>"; };
		7C2BCA1328E0D6AC00000211 /* HeartColor.swift */ = {isa = PBXFileReference; fileEncoding = 4; lastKnownFileType = sourcecode.swift; path = HeartColor.swift; sourceTree = "<group>"; };
		7C2BCA1528E0D6AC00000211 /* MyFirstAppIntent.swift */ = {isa = PBXFileReference; fileEncoding = 4; lastKnownFileType = sourcecode.swift; path = MyFirstAppIntent.swift; sourceTree = "<group>"; };
		7C2BCA1728E0D6AC00000211 /* StockAssetQuery.swift */ = {isa = PBXFileReference; fileEncoding = 4; lastKnownFileType = sourcecode.swift; path = StockAssetQuery.swift; sourceTree = "<group>"; };
		7C2BCA1828E0D6AC00000211 /* StockAsset.swift */ = {isa = PBXFileReference; fileEncoding = 4; lastKnownFileType = sourcecode.swift; path = StockAsset.swift; sourceTree = "<group>"; };
		7C2BCA1928E0D6AC00000211 /* WalletPositionIntent.swift */ = {isa = PBXFileReference; fileEncoding = 4; lastKnownFileType = sourcecode.swift; path = WalletPositionIntent.swift; sourceTree = "<group>"; };
		7C2BCA1A28E0D6AC00000211 /* Wallet.swift */ = {isa = PBXFileReference; fileEncoding = 4; lastKnownFileType = sourcecode.swift; path = Wallet.swift; sourceTree = "<group>"; };
		7C2BCA1B28E0D6AC00000211 /* StockAssetEntity.swift */ = {isa = PBXFileReference; fileEncoding = 4; lastKnownFileType = sourcecode.swift; path = StockAssetEntity.swift; sourceTree = "<group>"; };
		7C2BCA2C28E0F66D00000211 /* OpenMessageIntent.swift */ = {isa = PBXFileReference; lastKnownFileType = sourcecode.swift; path = OpenMessageIntent.swift; sourceTree = "<group>"; };
		7C2BCA2E28E0F69B00000211 /* Navigator.swift */ = {isa = PBXFileReference; lastKnownFileType = sourcecode.swift; path = Navigator.swift; sourceTree = "<group>"; };
/* End PBXFileReference section */

/* Begin PBXFrameworksBuildPhase section */
		7C2BC9EC28E0013E00000211 /* Frameworks */ = {
			isa = PBXFrameworksBuildPhase;
			buildActionMask = 2147483647;
			files = (
			);
			runOnlyForDeploymentPostprocessing = 0;
		};
/* End PBXFrameworksBuildPhase section */

/* Begin PBXGroup section */
		7C2BC9E628E0013E00000211 = {
			isa = PBXGroup;
			children = (
				7C2BC9F128E0013E00000211 /* MyApp */,
				7C2BC9F028E0013E00000211 /* Products */,
			);
			sourceTree = "<group>";
		};
		7C2BC9F028E0013E00000211 /* Products */ = {
			isa = PBXGroup;
			children = (
				7C2BC9EF28E0013E00000211 /* MyApp.app */,
			);
			name = Products;
			sourceTree = "<group>";
		};
		7C2BC9F128E0013E00000211 /* MyApp */ = {
			isa = PBXGroup;
			children = (
				7C2BCA3028E0F73700000211 /* Helpers */,
				7C2BCA0D28E0D6AC00000211 /* AppIntents */,
				7C2BC9F228E0013E00000211 /* MyAppApp.swift */,
				7C2BC9F428E0013E00000211 /* ContentView.swift */,
				7C2BC9F628E0014000000211 /* Assets.xcassets */,
				7C2BC9F828E0014000000211 /* Preview Content */,
			);
			path = MyApp;
			sourceTree = "<group>";
		};
		7C2BC9F828E0014000000211 /* Preview Content */ = {
			isa = PBXGroup;
			children = (
				7C2BC9F928E0014000000211 /* Preview Assets.xcassets */,
			);
			path = "Preview Content";
			sourceTree = "<group>";
		};
		7C2BCA0D28E0D6AC00000211 /* AppIntents */ = {
			isa = PBXGroup;
			children = (
				7C2BCA0E28E0D6AC00000211 /* AppShortcuts.swift */,
				7C2BCA1428E0D6AC00000211 /* MyFirstAppIntent */,
				7C2BCA0F28E0D6AC00000211 /* GreetingIntent */,
				7C2BCA1128E0D6AC00000211 /* ColoredHeartIntent */,
				7C2BCA1628E0D6AC00000211 /* WalletPositionIntent */,
				7C2BCA2B28E0F64700000211 /* OpenMessageIntent */,
			);
			path = AppIntents;
			sourceTree = "<group>";
		};
		7C2BCA0F28E0D6AC00000211 /* GreetingIntent */ = {
			isa = PBXGroup;
			children = (
				7C2BCA1028E0D6AC00000211 /* GreetingIntent.swift */,
			);
			path = GreetingIntent;
			sourceTree = "<group>";
		};
		7C2BCA1128E0D6AC00000211 /* ColoredHeartIntent */ = {
			isa = PBXGroup;
			children = (
				7C2BCA1228E0D6AC00000211 /* ColoredHeartIntent.swift */,
				7C2BCA1328E0D6AC00000211 /* HeartColor.swift */,
			);
			path = ColoredHeartIntent;
			sourceTree = "<group>";
		};
		7C2BCA1428E0D6AC00000211 /* MyFirstAppIntent */ = {
			isa = PBXGroup;
			children = (
				7C2BCA1528E0D6AC00000211 /* MyFirstAppIntent.swift */,
			);
			path = MyFirstAppIntent;
			sourceTree = "<group>";
		};
		7C2BCA1628E0D6AC00000211 /* WalletPositionIntent */ = {
			isa = PBXGroup;
			children = (
				7C2BCA1728E0D6AC00000211 /* StockAssetQuery.swift */,
				7C2BCA1828E0D6AC00000211 /* StockAsset.swift */,
				7C2BCA1928E0D6AC00000211 /* WalletPositionIntent.swift */,
				7C2BCA1A28E0D6AC00000211 /* Wallet.swift */,
				7C2BCA1B28E0D6AC00000211 /* StockAssetEntity.swift */,
			);
			path = WalletPositionIntent;
			sourceTree = "<group>";
		};
		7C2BCA2B28E0F64700000211 /* OpenMessageIntent */ = {
			isa = PBXGroup;
			children = (
				7C2BCA2C28E0F66D00000211 /* OpenMessageIntent.swift */,
			);
			path = OpenMessageIntent;
			sourceTree = "<group>";
		};
		7C2BCA3028E0F73700000211 /* Helpers */ = {
			isa = PBXGroup;
			children = (
				7C2BCA2E28E0F69B00000211 /* Navigator.swift */,
			);
			path = Helpers;
			sourceTree = "<group>";
		};
/* End PBXGroup section */

/* Begin PBXNativeTarget section */
		7C2BC9EE28E0013E00000211 /* MyApp */ = {
			isa = PBXNativeTarget;
			buildConfigurationList = 7C2BC9FD28E0014000000211 /* Build configuration list for PBXNativeTarget "MyApp" */;
			buildPhases = (
				7C2BC9EB28E0013E00000211 /* Sources */,
				7C2BC9EC28E0013E00000211 /* Frameworks */,
				7C2BC9ED28E0013E00000211 /* Resources */,
			);
			buildRules = (
			);
			dependencies = (
			);
			name = MyApp;
			productName = MyApp;
			productReference = 7C2BC9EF28E0013E00000211 /* MyApp.app */;
			productType = "com.apple.product-type.application";
		};
/* End PBXNativeTarget section */

/* Begin PBXProject section */
		7C2BC9E728E0013E00000211 /* Project object */ = {
			isa = PBXProject;
			attributes = {
				BuildIndependentTargetsInParallel = 1;
				LastSwiftUpdateCheck = 1400;
				LastUpgradeCheck = 1400;
				TargetAttributes = {
					7C2BC9EE28E0013E00000211 = {
						CreatedOnToolsVersion = 14.0;
					};
				};
			};
			buildConfigurationList = 7C2BC9EA28E0013E00000211 /* Build configuration list for PBXProject "MyApp" */;
			compatibilityVersion = "Xcode 14.0";
			developmentRegion = en;
			hasScannedForEncodings = 0;
			knownRegions = (
				en,
				Base,
			);
			mainGroup = 7C2BC9E628E0013E00000211;
			productRefGroup = 7C2BC9F028E0013E00000211 /* Products */;
			projectDirPath = "";
			projectRoot = "";
			targets = (
				7C2BC9EE28E0013E00000211 /* MyApp */,
			);
		};
/* End PBXProject section */

/* Begin PBXResourcesBuildPhase section */
		7C2BC9ED28E0013E00000211 /* Resources */ = {
			isa = PBXResourcesBuildPhase;
			buildActionMask = 2147483647;
			files = (
				7C2BC9FA28E0014000000211 /* Preview Assets.xcassets in Resources */,
				7C2BC9F728E0014000000211 /* Assets.xcassets in Resources */,
			);
			runOnlyForDeploymentPostprocessing = 0;
		};
/* End PBXResourcesBuildPhase section */

/* Begin PBXSourcesBuildPhase section */
		7C2BC9EB28E0013E00000211 /* Sources */ = {
			isa = PBXSourcesBuildPhase;
			buildActionMask = 2147483647;
			files = (
				7C2BCA1E28E0D6AC00000211 /* ColoredHeartIntent.swift in Sources */,
				7C2BC9F528E0013E00000211 /* ContentView.swift in Sources */,
				7C2BCA2528E0D6AC00000211 /* StockAssetEntity.swift in Sources */,
				7C2BCA2128E0D6AC00000211 /* StockAssetQuery.swift in Sources */,
				7C2BCA2428E0D6AC00000211 /* Wallet.swift in Sources */,
				7C2BCA1C28E0D6AC00000211 /* AppShortcuts.swift in Sources */,
				7C2BCA2228E0D6AC00000211 /* StockAsset.swift in Sources */,
				7C2BCA2F28E0F69B00000211 /* Navigator.swift in Sources */,
				7C2BCA2028E0D6AC00000211 /* MyFirstAppIntent.swift in Sources */,
				7C2BCA1D28E0D6AC00000211 /* GreetingIntent.swift in Sources */,
				7C2BCA1F28E0D6AC00000211 /* HeartColor.swift in Sources */,
				7C2BC9F328E0013E00000211 /* MyAppApp.swift in Sources */,
				7C2BCA2D28E0F66E00000211 /* OpenMessageIntent.swift in Sources */,
				7C2BCA2328E0D6AC00000211 /* WalletPositionIntent.swift in Sources */,
			);
			runOnlyForDeploymentPostprocessing = 0;
		};
/* End PBXSourcesBuildPhase section */

/* Begin XCBuildConfiguration section */
		7C2BC9FB28E0014000000211 /* Debug */ = {
			isa = XCBuildConfiguration;
			buildSettings = {
				ALWAYS_SEARCH_USER_PATHS = NO;
				CLANG_ANALYZER_NONNULL = YES;
				CLANG_ANALYZER_NUMBER_OBJECT_CONVERSION = YES_AGGRESSIVE;
				CLANG_CXX_LANGUAGE_STANDARD = "gnu++20";
				CLANG_ENABLE_MODULES = YES;
				CLANG_ENABLE_OBJC_ARC = YES;
				CLANG_ENABLE_OBJC_WEAK = YES;
				CLANG_WARN_BLOCK_CAPTURE_AUTORELEASING = YES;
				CLANG_WARN_BOOL_CONVERSION = YES;
				CLANG_WARN_COMMA = YES;
				CLANG_WARN_CONSTANT_CONVERSION = YES;
				CLANG_WARN_DEPRECATED_OBJC_IMPLEMENTATIONS = YES;
				CLANG_WARN_DIRECT_OBJC_ISA_USAGE = YES_ERROR;
				CLANG_WARN_DOCUMENTATION_COMMENTS = YES;
				CLANG_WARN_EMPTY_BODY = YES;
				CLANG_WARN_ENUM_CONVERSION = YES;
				CLANG_WARN_INFINITE_RECURSION = YES;
				CLANG_WARN_INT_CONVERSION = YES;
				CLANG_WARN_NON_LITERAL_NULL_CONVERSION = YES;
				CLANG_WARN_OBJC_IMPLICIT_RETAIN_SELF = YES;
				CLANG_WARN_OBJC_LITERAL_CONVERSION = YES;
				CLANG_WARN_OBJC_ROOT_CLASS = YES_ERROR;
				CLANG_WARN_QUOTED_INCLUDE_IN_FRAMEWORK_HEADER = YES;
				CLANG_WARN_RANGE_LOOP_ANALYSIS = YES;
				CLANG_WARN_STRICT_PROTOTYPES = YES;
				CLANG_WARN_SUSPICIOUS_MOVE = YES;
				CLANG_WARN_UNGUARDED_AVAILABILITY = YES_AGGRESSIVE;
				CLANG_WARN_UNREACHABLE_CODE = YES;
				CLANG_WARN__DUPLICATE_METHOD_MATCH = YES;
				COPY_PHASE_STRIP = NO;
				DEBUG_INFORMATION_FORMAT = dwarf;
				ENABLE_STRICT_OBJC_MSGSEND = YES;
				ENABLE_TESTABILITY = YES;
				GCC_C_LANGUAGE_STANDARD = gnu11;
				GCC_DYNAMIC_NO_PIC = NO;
				GCC_NO_COMMON_BLOCKS = YES;
				GCC_OPTIMIZATION_LEVEL = 0;
				GCC_PREPROCESSOR_DEFINITIONS = (
					"DEBUG=1",
					"$(inherited)",
				);
				GCC_WARN_64_TO_32_BIT_CONVERSION = YES;
				GCC_WARN_ABOUT_RETURN_TYPE = YES_ERROR;
				GCC_WARN_UNDECLARED_SELECTOR = YES;
				GCC_WARN_UNINITIALIZED_AUTOS = YES_AGGRESSIVE;
				GCC_WARN_UNUSED_FUNCTION = YES;
				GCC_WARN_UNUSED_VARIABLE = YES;
				IPHONEOS_DEPLOYMENT_TARGET = 16.0;
				MTL_ENABLE_DEBUG_INFO = INCLUDE_SOURCE;
				MTL_FAST_MATH = YES;
				ONLY_ACTIVE_ARCH = YES;
				SDKROOT = iphoneos;
				SWIFT_ACTIVE_COMPILATION_CONDITIONS = DEBUG;
				SWIFT_OPTIMIZATION_LEVEL = "-Onone";
			};
			name = Debug;
		};
		7C2BC9FC28E0014000000211 /* Release */ = {
			isa = XCBuildConfiguration;
			buildSettings = {
				ALWAYS_SEARCH_USER_PATHS = NO;
				CLANG_ANALYZER_NONNULL = YES;
				CLANG_ANALYZER_NUMBER_OBJECT_CONVERSION = YES_AGGRESSIVE;
				CLANG_CXX_LANGUAGE_STANDARD = "gnu++20";
				CLANG_ENABLE_MODULES = YES;
				CLANG_ENABLE_OBJC_ARC = YES;
				CLANG_ENABLE_OBJC_WEAK = YES;
				CLANG_WARN_BLOCK_CAPTURE_AUTORELEASING = YES;
				CLANG_WARN_BOOL_CONVERSION = YES;
				CLANG_WARN_COMMA = YES;
				CLANG_WARN_CONSTANT_CONVERSION = YES;
				CLANG_WARN_DEPRECATED_OBJC_IMPLEMENTATIONS = YES;
				CLANG_WARN_DIRECT_OBJC_ISA_USAGE = YES_ERROR;
				CLANG_WARN_DOCUMENTATION_COMMENTS = YES;
				CLANG_WARN_EMPTY_BODY = YES;
				CLANG_WARN_ENUM_CONVERSION = YES;
				CLANG_WARN_INFINITE_RECURSION = YES;
				CLANG_WARN_INT_CONVERSION = YES;
				CLANG_WARN_NON_LITERAL_NULL_CONVERSION = YES;
				CLANG_WARN_OBJC_IMPLICIT_RETAIN_SELF = YES;
				CLANG_WARN_OBJC_LITERAL_CONVERSION = YES;
				CLANG_WARN_OBJC_ROOT_CLASS = YES_ERROR;
				CLANG_WARN_QUOTED_INCLUDE_IN_FRAMEWORK_HEADER = YES;
				CLANG_WARN_RANGE_LOOP_ANALYSIS = YES;
				CLANG_WARN_STRICT_PROTOTYPES = YES;
				CLANG_WARN_SUSPICIOUS_MOVE = YES;
				CLANG_WARN_UNGUARDED_AVAILABILITY = YES_AGGRESSIVE;
				CLANG_WARN_UNREACHABLE_CODE = YES;
				CLANG_WARN__DUPLICATE_METHOD_MATCH = YES;
				COPY_PHASE_STRIP = NO;
				DEBUG_INFORMATION_FORMAT = "dwarf-with-dsym";
				ENABLE_NS_ASSERTIONS = NO;
				ENABLE_STRICT_OBJC_MSGSEND = YES;
				GCC_C_LANGUAGE_STANDARD = gnu11;
				GCC_NO_COMMON_BLOCKS = YES;
				GCC_WARN_64_TO_32_BIT_CONVERSION = YES;
				GCC_WARN_ABOUT_RETURN_TYPE = YES_ERROR;
				GCC_WARN_UNDECLARED_SELECTOR = YES;
				GCC_WARN_UNINITIALIZED_AUTOS = YES_AGGRESSIVE;
				GCC_WARN_UNUSED_FUNCTION = YES;
				GCC_WARN_UNUSED_VARIABLE = YES;
				IPHONEOS_DEPLOYMENT_TARGET = 16.0;
				MTL_ENABLE_DEBUG_INFO = NO;
				MTL_FAST_MATH = YES;
				SDKROOT = iphoneos;
				SWIFT_COMPILATION_MODE = wholemodule;
				SWIFT_OPTIMIZATION_LEVEL = "-O";
				VALIDATE_PRODUCT = YES;
			};
			name = Release;
		};
		7C2BC9FE28E0014000000211 /* Debug */ = {
			isa = XCBuildConfiguration;
			buildSettings = {
				ASSETCATALOG_COMPILER_APPICON_NAME = AppIcon;
				ASSETCATALOG_COMPILER_GLOBAL_ACCENT_COLOR_NAME = AccentColor;
				CODE_SIGN_STYLE = Automatic;
				CURRENT_PROJECT_VERSION = 1;
				DEVELOPMENT_ASSET_PATHS = "\"MyApp/Preview Content\"";
				DEVELOPMENT_TEAM = ZTGHLM6H83;
				ENABLE_PREVIEWS = YES;
				GENERATE_INFOPLIST_FILE = YES;
				INFOPLIST_KEY_UIApplicationSceneManifest_Generation = YES;
				INFOPLIST_KEY_UIApplicationSupportsIndirectInputEvents = YES;
				INFOPLIST_KEY_UILaunchScreen_Generation = YES;
				INFOPLIST_KEY_UISupportedInterfaceOrientations_iPad = "UIInterfaceOrientationPortrait UIInterfaceOrientationPortraitUpsideDown UIInterfaceOrientationLandscapeLeft UIInterfaceOrientationLandscapeRight";
				INFOPLIST_KEY_UISupportedInterfaceOrientations_iPhone = "UIInterfaceOrientationPortrait UIInterfaceOrientationLandscapeLeft UIInterfaceOrientationLandscapeRight";
				LD_RUNPATH_SEARCH_PATHS = (
					"$(inherited)",
					"@executable_path/Frameworks",
				);
				MARKETING_VERSION = 1.0;
				PRODUCT_BUNDLE_IDENTIFIER = tfmartins.MyApp;
				PRODUCT_NAME = "$(TARGET_NAME)";
				SWIFT_EMIT_LOC_STRINGS = YES;
				SWIFT_VERSION = 5.0;
				TARGETED_DEVICE_FAMILY = "1,2";
			};
			name = Debug;
		};
		7C2BC9FF28E0014000000211 /* Release */ = {
			isa = XCBuildConfiguration;
			buildSettings = {
				ASSETCATALOG_COMPILER_APPICON_NAME = AppIcon;
				ASSETCATALOG_COMPILER_GLOBAL_ACCENT_COLOR_NAME = AccentColor;
				CODE_SIGN_STYLE = Automatic;
				CURRENT_PROJECT_VERSION = 1;
				DEVELOPMENT_ASSET_PATHS = "\"MyApp/Preview Content\"";
				DEVELOPMENT_TEAM = ZTGHLM6H83;
				ENABLE_PREVIEWS = YES;
				GENERATE_INFOPLIST_FILE = YES;
				INFOPLIST_KEY_UIApplicationSceneManifest_Generation = YES;
				INFOPLIST_KEY_UIApplicationSupportsIndirectInputEvents = YES;
				INFOPLIST_KEY_UILaunchScreen_Generation = YES;
				INFOPLIST_KEY_UISupportedInterfaceOrientations_iPad = "UIInterfaceOrientationPortrait UIInterfaceOrientationPortraitUpsideDown UIInterfaceOrientationLandscapeLeft UIInterfaceOrientationLandscapeRight";
				INFOPLIST_KEY_UISupportedInterfaceOrientations_iPhone = "UIInterfaceOrientationPortrait UIInterfaceOrientationLandscapeLeft UIInterfaceOrientationLandscapeRight";
				LD_RUNPATH_SEARCH_PATHS = (
					"$(inherited)",
					"@executable_path/Frameworks",
				);
				MARKETING_VERSION = 1.0;
				PRODUCT_BUNDLE_IDENTIFIER = tfmartins.MyApp;
				PRODUCT_NAME = "$(TARGET_NAME)";
				SWIFT_EMIT_LOC_STRINGS = YES;
				SWIFT_VERSION = 5.0;
				TARGETED_DEVICE_FAMILY = "1,2";
			};
			name = Release;
		};
/* End XCBuildConfiguration section */

/* Begin XCConfigurationList section */
		7C2BC9EA28E0013E00000211 /* Build configuration list for PBXProject "MyApp" */ = {
			isa = XCConfigurationList;
			buildConfigurations = (
				7C2BC9FB28E0014000000211 /* Debug */,
				7C2BC9FC28E0014000000211 /* Release */,
			);
			defaultConfigurationIsVisible = 0;
			defaultConfigurationName = Release;
		};
		7C2BC9FD28E0014000000211 /* Build configuration list for PBXNativeTarget "MyApp" */ = {
			isa = XCConfigurationList;
			buildConfigurations = (
				7C2BC9FE28E0014000000211 /* Debug */,
				7C2BC9FF28E0014000000211 /* Release */,
			);
			defaultConfigurationIsVisible = 0;
			defaultConfigurationName = Release;
		};
/* End XCConfigurationList section */
	};
	rootObject = 7C2BC9E728E0013E00000211 /* Project object */;
}
